PODS:
  - RxAppState (0.3.0):
    - RxCocoa (= 3.0.0-beta.1)
    - RxSwift (= 3.0.0-beta.1)
  - RxCocoa (3.0.0-beta.1):
    - RxSwift (~> 3.0.0-beta.1)
  - RxSwift (3.0.0-beta.1)

DEPENDENCIES:
  - RxAppState (from `../`)
  - RxCocoa (from `https://github.com/ReactiveX/RxSwift`)
  - RxSwift (from `https://github.com/ReactiveX/RxSwift`)

EXTERNAL SOURCES:
  RxAppState:
    :path: "../"
  RxCocoa:
    :git: https://github.com/ReactiveX/RxSwift
  RxSwift:
    :git: https://github.com/ReactiveX/RxSwift

CHECKOUT OPTIONS:
  RxCocoa:
    :commit: e3528abf092330b6fe7eade4e6b704e3054f4bce
    :git: https://github.com/ReactiveX/RxSwift
  RxSwift:
    :commit: e3528abf092330b6fe7eade4e6b704e3054f4bce
    :git: https://github.com/ReactiveX/RxSwift

SPEC CHECKSUMS:
  RxAppState: 14c95326df36d0419f6f7beaaa6f8280672ae436
  RxCocoa: 8cecf331302b8ae5381bbab1bccba4ede2eae6a8
  RxSwift: 0823e8d7969c23bfa9ddfb2afa4881e424a1a710

PODFILE CHECKSUM: 810509f393b8bcfa5103dc11d9610105c4eb3afd

COCOAPODS: 1.1.0.rc.2
