PODS:
  - RxAppState (0.3.4):
    - RxCocoa (~> 3.4)
    - RxSwift (~> 3.4)
  - RxCocoa (3.4.0):
    - RxSwift (~> 3.4)
  - RxSwift (3.4.0)

DEPENDENCIES:
  - RxAppState (from `../`)

EXTERNAL SOURCES:
  RxAppState:
    :path: ../

SPEC CHECKSUMS:
  RxAppState: f8e4d251c2be3f8e36d57fcb8473f0adcb337b96
  RxCocoa: d14ef6b6029e1ddc6e966508c09289090de68ff9
  RxSwift: 3789a1af753002a14edecdb698a2424624296a9c

PODFILE CHECKSUM: d6a6086ccd67e42cb850ddfef504c1a567163500

COCOAPODS: 1.2.0
