PODS:
  - RxAppState (0.3.0):
    - RxCocoa (~> 3.0)
    - RxSwift (~> 3.0)
  - RxCocoa (3.0.0):
    - RxSwift (~> 3.0)
  - RxSwift (3.0.0)

DEPENDENCIES:
  - RxAppState (from `../`)

EXTERNAL SOURCES:
  RxAppState:
    :path: "../"

SPEC CHECKSUMS:
  RxAppState: 7183dfa5193d14c63f5e1281a6b202530ba387f4
  RxCocoa: 0a2f3ae381cf16f4021a4cee7a4420f83058a965
  RxSwift: a930cd662f5b4a7ca9dc3518585dba91dadf497c

PODFILE CHECKSUM: 61547f0ebfd0139202ce75678436fde2e4d9b29d

COCOAPODS: 1.1.0.rc.2
